
Microsoft Visual Studio Solution File, Format Version 12.00
Project("{FAE04EC0-301F-11D3-BF4B-00C04F79EFBC}") = "Crawler", "Crawler\Crawler.csproj", "{09796ACC-AAD4-4C19-9187-790DD13D665F}"
EndProject
Project("{FAE04EC0-301F-11D3-BF4B-00C04F79EFBC}") = "AceTWin", "..\AceTWin\AceTWin.csproj", "{74734EEE-9F36-4694-A1F1-4E7C84A41F6D}"
EndProject
Project("{FAE04EC0-301F-11D3-BF4B-00C04F79EFBC}") = "AceTWinWAPI", "..\AceTWinWINAPI\AceTWinWAPI.csproj", "{3B66FB65-DD3D-4AB5-8E6A-B5D93ECBF349}"
EndProject
Project("{FAE04EC0-301F-11D3-BF4B-00C04F79EFBC}") = "AceWinConsole", "..\AceWinConsole\AceWinConsole.csproj", "{F52F2CBB-746A-48F6-8C55-4B7204454C53}"
EndProject
Global
	GlobalSection(SolutionConfigurationPlatforms) = preSolution
		Debug|Any CPU = Debug|Any CPU
		Release|Any CPU = Release|Any CPU
	EndGlobalSection
	GlobalSection(ProjectConfigurationPlatforms) = postSolution
		{09796ACC-AAD4-4C19-9187-790DD13D665F}.Debug|Any CPU.ActiveCfg = Debug|Any CPU
		{09796ACC-AAD4-4C19-9187-790DD13D665F}.Debug|Any CPU.Build.0 = Debug|Any CPU
		{09796ACC-AAD4-4C19-9187-790DD13D665F}.Release|Any CPU.ActiveCfg = Release|Any CPU
		{09796ACC-AAD4-4C19-9187-790DD13D665F}.Release|Any CPU.Build.0 = Release|Any CPU
		{74734EEE-9F36-4694-A1F1-4E7C84A41F6D}.Debug|Any CPU.ActiveCfg = Debug|Any CPU
		{74734EEE-9F36-4694-A1F1-4E7C84A41F6D}.Debug|Any CPU.Build.0 = Debug|Any CPU
		{74734EEE-9F36-4694-A1F1-4E7C84A41F6D}.Release|Any CPU.ActiveCfg = Release|Any CPU
		{74734EEE-9F36-4694-A1F1-4E7C84A41F6D}.Release|Any CPU.Build.0 = Release|Any CPU
		{3B66FB65-DD3D-4AB5-8E6A-B5D93ECBF349}.Debug|Any CPU.ActiveCfg = Debug|Any CPU
		{3B66FB65-DD3D-4AB5-8E6A-B5D93ECBF349}.Debug|Any CPU.Build.0 = Debug|Any CPU
		{3B66FB65-DD3D-4AB5-8E6A-B5D93ECBF349}.Release|Any CPU.ActiveCfg = Release|Any CPU
		{3B66FB65-DD3D-4AB5-8E6A-B5D93ECBF349}.Release|Any CPU.Build.0 = Release|Any CPU
		{F52F2CBB-746A-48F6-8C55-4B7204454C53}.Debug|Any CPU.ActiveCfg = Debug|Any CPU
		{F52F2CBB-746A-48F6-8C55-4B7204454C53}.Debug|Any CPU.Build.0 = Debug|Any CPU
		{F52F2CBB-746A-48F6-8C55-4B7204454C53}.Release|Any CPU.ActiveCfg = Release|Any CPU
		{F52F2CBB-746A-48F6-8C55-4B7204454C53}.Release|Any CPU.Build.0 = Release|Any CPU
	EndGlobalSection
EndGlobal
